# This file is automatically @generated by Poetry 2.4.1 and should not be changed by hand.

[[package]]
name = "aiosqlite"
version = "0.17.0"
description = "asyncio bridge to the standard sqlite3 module"
optional = false
python-versions = ">=3.6"
groups = ["main"]
files = [
    {file = "aiosqlite-0.17.0-py3-none-any.whl", hash = "sha256:6c49dc6d3405929b1d08eeccc72306d3677503cc5e5e43771efc1e00232e8231"},
    {file = "aiosqlite-0.17.0.tar.gz", hash = "sha256:f0e6acc24bc4864149267ac82fb46dfb3be4455f99fe21df82609cc6e6baee51"},
]

[package.dependencies]
typing_extensions = ">=3.7.2"

[[package]]
name = "anyio"
version = "4.12.1"
description = "High-level concurrency and networking framework on top of asyncio or Trio"
optional = false
python-versions = ">=3.9"
groups = ["main"]
files = [
    {file = "anyio-4.12.1-py3-none-any.whl", hash = "sha256:d405828884fc140aa80a3c667b8beed277f1dfedec42ba031bd6ac3db606ab6c"},
    {file = "anyio-4.12.1.tar.gz", hash = "sha256:41cfcc3a4c85d3f05c932da7c26d0201ac36f72abd4435ba90d0464a3ffed703"},
]

[package.dependencies]
exceptiongroup = {version = ">=1.0.2", markers = "python_version < \"3.11\""}
idna = ">=2.8"
typing_extensions = {version = ">=4.5", markers = "python_version < \"3.13\""}

[package.extras]
trio = ["trio (>=0.31.0) ; python_version < \"3.10\"", "trio (>=0.32.0) ; python_version >= \"3.10\""]

[[package]]
name = "colorama"
version = "0.4.6"
description = "Cross-platform colored terminal text."
optional = false
python-versions = "!=3.0.*,!=3.1.*,!=3.2.*,!=3.3.*,!=3.4.*,!=3.5.*,!=3.6.*,>=2.7"
groups = ["dev"]
markers = "sys_platform == \"win32\""
files = [
    {file = "colorama-0.4.6-py2.py3-none-any.whl", hash = "sha256:4f1d9991f5acc0ca119f9d443620b77f9d6b33703e51011c16baf57afb285fc6"},
    {file = "colorama-0.4.6.tar.gz", hash = "sha256:08695f5cb7ed6e0531a20572697297273c47b8cae5a63ffc6d6ed5c201be6e44"},
]

[[package]]
name = "coverage"
version = "7.14.3"
description = "Code coverage measurement for Python"
optional = false
python-versions = ">=3.10"
groups = ["dev"]
files = [
    {file = "coverage-7.14.3-cp310-cp310-macosx_10_9_x86_64.whl", hash = "sha256:360bec1f58e7243e3405d3bdf7a1a8115aa9b448d54dc7cd6f7b7e0e9406b62e"},
    {file = "coverage-7.14.3-cp310-cp310-macosx_11_0_arm64.whl", hash = "sha256:ed68faa5e85de2f3e400bc3f122e5c82735a58c8bb24b9f63a2215954ba17b2d"},
    {file = "coverage-7.14.3-cp310-cp310-manylinux1_i686.manylinux_2_28_i686.manylinux_2_5_i686.whl", hash = "sha256:830c1fca669c572dec37ce9c838224ee45aac5be0f6961edf871e82e49d6537c"},
    {file = "coverage-7.14.3-cp310-cp310-manylinux1_x86_64.manylinux_2_28_x86_64.manylinux_2_5_x86_64.whl", hash = "sha256:a64caee2193563601dbaaa55fe2dcf597debef04a2f8f1fa8a07aa4bb7ac7a1e"},
    {file = "coverage-7.14.3-cp310-cp310-manylinux2014_aarch64.manylinux_2_17_aarch64.manylinux_2_28_aarch64.whl", hash = "sha256:0096fd7559178f0cc9cf088f2dbd2a02ef85bacaa69732c633517286b4494610"},
    {file = "coverage-7.14.3-cp310-cp310-manylinux2014_ppc64le.manylinux_2_17_ppc64le.manylinux_2_28_ppc64le.whl", hash = "sha256:6197e5a00183c11a8ce7c6abd18be1a9189fd8399084ffc95196f4f0db4f2137"},
    {file = "coverage-7.14.3-cp310-cp310-manylinux_2_31_riscv64.manylinux_2_39_riscv64.whl", hash = "sha256:7dfe427045520d6abca33687dfef767b4f635015893a1816c5decb12eb72ce18"},
    {file = "coverage-7.14.3-cp310-cp310-musllinux_1_2_aarch64.whl", hash = "sha256:9a3f142070eb7b82fc4085a55d887396f9c4e21250bccebe2ba22502c45b9647"},
    {file = "coverage-7.14.3-cp310-cp310-musllinux_1_2_i686.whl", hash = "sha256:64b2055bb6e0dc945af35cdeceb3633e6ed9273475ef3af85592410fd6803803"},
    {file = "coverage-7.14.3-cp310-cp310-musllinux_1_2_ppc64le.whl", hash = "sha256:1551b4caac3e3ec9f2bfcec6bf3776e01c0edbdd2e240431a50ca1a1aac72c27"},
    {file = "coverage-7.14.3-cp310-cp310-musllinux_1_2_riscv64.whl", hash = "sha256:583d50d59142f8549470bd6390471d0fe8b8c8d69d6a0f28ac71e05380cef640"},
    {file = "coverage-7.14.3-cp310-cp310-musllinux_1_2_x86_64.whl", hash = "sha256:e0bb8a6bc7015efdf8a928753b25da1b9ca2d6f24ef04d2ee0688e486f32aae7"},
    {file = "coverage-7.14.3-cp310-cp310-win32.whl", hash = "sha256:d48400185564042287dc487c1f016a3397f18ab4f4c5d5ec36edc218f7ffa35b"},
    {file = "coverage-7.14.3-cp310-cp310-win_amd64.whl", hash = "sha256:eadea7aba74e40adee867a8c0eec17b820b061d308a4b014f7a0e118c2b0aa61"},
    {file = "coverage-7.14.3-cp311-cp311-macosx_10_9_x86_64.whl", hash = "sha256:e574801e1d643561594aa021206c46d80b257e9853087090ba97bed8b0a509d3"},
    {file = "coverage-7.14.3-cp311-cp311-macosx_11_0_arm64.whl", hash = "sha256:f82b6bb7d75a2613e85d07cefa3a8c973d0544a8993337f6e2728e4a1e94c305"},
    {file = "coverage-7.14.3-cp311-cp311-manylinux1_i686.manylinux_2_28_i686.manylinux_2_5_i686.whl", hash = "sha256:a2335ea5fed26af2e831094964fa3f8fae60b45f7e37fcc2d3b615b2add3ad87"},
    {file = "coverage-7.14.3-cp311-cp311-manylinux1_x86_64.manylinux_2_28_x86_64.manylinux_2_5_x86_64.whl", hash = "sha256:fbb8c3a98e779013786ae01d229662aeacbc77100efbd3f2f245219ace5af700"},
    {file = "coverage-7.14.3-cp311-cp311-manylinux2014_aarch64.manylinux_2_17_aarch64.manylinux_2_28_aarch64.whl", hash = "sha256:ac082660de8f429ba0ea363595abb838998570b9a7546777c60f413ab902bbde"},
    {file = "coverage-7.14.3-cp311-cp311-manylinux2014_ppc64le.manylinux_2_17_ppc64le.manylinux_2_28_ppc64le.whl", hash = "sha256:8ac012839ff7e396030f1e94e10553a431d14e4de2ab65cb3acb72bbd5628ca2"},
    {file = "coverage-7.14.3-cp311-cp311-manylinux_2_31_riscv64.manylinux_2_39_riscv64.whl", hash = "sha256:5952f8c1bda2a5347154450379316e6dfa4d934d62ca35f6784451e6f55074fb"},
    {file = "coverage-7.14.3-cp311-cp311-musllinux_1_2_aarch64.whl", hash = "sha256:8cf0f2509acb4619e2471a1951089054dd58ebea7a912066d2ea56dd4c24ca4a"},
    {file = "coverage-7.14.3-cp311-cp311-musllinux_1_2_i686.whl", hash = "sha256:2e41fd3aab806770008279a93879b0924b16247e09ab537c043d08bbca53b4ab"},
    {file = "coverage-7.14.3-cp311-cp311-musllinux_1_2_ppc64le.whl", hash = "sha256:f0a47095963cfe054e0df178daca95aec21e680d6076da807c3add28dfe920f7"},
    {file = "coverage-7.14.3-cp311-cp311-musllinux_1_2_riscv64.whl", hash = "sha256:a090cbf9521e78ffdb2fcf448b72902afe9f5923ff6a12d5c0d0120200348af9"},
    {file = "coverage-7.14.3-cp311-cp311-musllinux_1_2_x86_64.whl", hash = "sha256:4d310baf69a4fbe8a098ce727e4808a34866ac718a6f759ae659cbd3221358bc"},
    {file = "coverage-7.14.3-cp311-cp311-win32.whl", hash = "sha256:74fdd718d88fe144f4579b8747873a07ec3f04cb837d5faec5a25d9e22fa31a8"},
    {file = "coverage-7.14.3-cp311-cp311-win_amd64.whl", hash = "sha256:cc96aa922e21d4bc5d5ed3c915cef27dfcbc13686f47d5e378d647fbfba655a2"},
    {file = "coverage-7.14.3-cp311-cp311-win_arm64.whl", hash = "sha256:c66f9f9d4f1e9712eb9b1de5310f881d4e2188cfcba5065e1a8490f38687f2c4"},
    {file = "coverage-7.14.3-cp312-cp312-macosx_10_13_x86_64.whl", hash = "sha256:3d74ff26299c4879ce3a4d826f9d3d4d556fd285fde7bbce3c0ef5a8ab1cec24"},
    {file = "coverage-7.14.3-cp312-cp312-macosx_11_0_arm64.whl", hash = "sha256:96150a9cf3468ea20f0bc5d0e21b3df8972c31480ef90fa7614b773cc6429665"},
    {file = "coverage-7.14.3-cp312-cp312-manylinux1_i686.manylinux_2_28_i686.manylinux_2_5_i686.whl", hash = "sha256:27d07a46500ba23515b838dbcf52512026af04090755cf6cc64166d88c9b9a1a"},
    {file = "coverage-7.14.3-cp312-cp312-manylinux1_x86_64.manylinux_2_28_x86_64.manylinux_2_5_x86_64.whl", hash = "sha256:621e13c6108234d7960aaf5762ab5c3c00f33c30c15af06dcbff0c73bf112727"},
    {file = "coverage-7.14.3-cp312-cp312-manylinux2014_aarch64.manylinux_2_17_aarch64.manylinux_2_28_aarch64.whl", hash = "sha256:4b60ca6d8af70473491a15a343cbabab2e8f9ea66a4376e81c7aa24876a6f977"},
    {file = "coverage-7.14.3-cp312-cp312-manylinux2014_ppc64le.manylinux_2_17_ppc64le.manylinux_2_28_ppc64le.whl", hash = "sha256:c90a7cdd5e380e1ce02f19792e2ac2fbfbf177e35a27e69fd3e873b30d895c0c"},
    {file = "coverage-7.14.3-cp312-cp312-manylinux_2_31_riscv64.manylinux_2_39_riscv64.whl", hash = "sha256:5d788e5fd55347eef06ca0732c77d04a264de67e8ff24631270cdff3767a60cf"},
    {file = "coverage-7.14.3-cp312-cp312-musllinux_1_2_aarch64.whl", hash = "sha256:62c7f79db2851c95ef020e5d28b97afde3daf9f7febcd35b53e05638f729063f"},
    {file = "coverage-7.14.3-cp312-cp312-musllinux_1_2_i686.whl", hash = "sha256:90f7608aeb5d9b60b523b9fb2a4ee1973867cc4865a3f26fe6c7577073b70205"},
    {file = "coverage-7.14.3-cp312-cp312-musllinux_1_2_ppc64le.whl", hash = "sha256:1e3b91f9c4740aeb571ecf82e5e8d8e4ab62d34fcb5a5d4e5baa38c6f7d2857c"},
    {file = "coverage-7.14.3-cp312-cp312-musllinux_1_2_riscv64.whl", hash = "sha256:c946099774a7699de03cbd0ff0a64e21aed4525eed9d959adde4afe6d15758ef"},
    {file = "coverage-7.14.3-cp312-cp312-musllinux_1_2_x86_64.whl", hash = "sha256:16b206e521feb8b7133a45754643dead0538489cf8b783b90cf5f4e3299625fd"},
    {file = "coverage-7.14.3-cp312-cp312-win32.whl", hash = "sha256:ea3169c7116eb6cdf7608c6c7da9ecfcb3da40688e3a510fac2d1d2bafd6dc35"},
    {file = "coverage-7.14.3-cp312-cp312-win_amd64.whl", hash = "sha256:7ea52fc08f007bcc494d4bb3df3851e95843d881860ba38fe2c64dc100db5e7d"},
    {file = "coverage-7.14.3-cp312-cp312-win_arm64.whl", hash = "sha256:8cec0ad652ec57790970d817490105bd917d783c2f7b38d6b58a0ca312e1a336"},
    {file = "coverage-7.14.3-cp313-cp313-macosx_10_13_x86_64.whl", hash = "sha256:47968988b367990ae4ab17523790c38cd125e02c6bfd379b6022be2d40bdc38c"},
    {file = "coverage-7.14.3-cp313-cp313-macosx_11_0_arm64.whl", hash = "sha256:0ee68f5c34812780f3a7063382c0a9fcbb99985b7ddcdcaa626e4f3fb2e0783a"},
    {file = "coverage-7.14.3-cp313-cp313-manylinux1_i686.manylinux_2_28_i686.manylinux_2_5_i686.whl", hash = "sha256:fa9e5c6857a7e80fa22ace5cf3550ae392bbfc322f1d8dd2d2d5a8be38cec027"},
    {file = "coverage-7.14.3-cp313-cp313-manylinux1_x86_64.manylinux_2_28_x86_64.manylinux_2_5_x86_64.whl", hash = "sha256:98a0859b0e98e43e1178a9402e19c8127766b14f7109a374d976e5a62c0e5c73"},
    {file = "coverage-7.14.3-cp313-cp313-manylinux2014_aarch64.manylinux_2_17_aarch64.manylinux_2_28_aarch64.whl", hash = "sha256:69918344541ed9c8368566c2adc03c0e33d4550d7faa87d1b35e49b6a3286ea9"},
    {file = "coverage-7.14.3-cp313-cp313-manylinux2014_ppc64le.manylinux_2_17_ppc64le.manylinux_2_28_ppc64le.whl", hash = "sha256:b7f300ac92cd4b570724c8ffbbd0c130fee298d2447f41d5a3abf58976fae1de"},
    {file = "coverage-7.14.3-cp313-cp313-manylinux_2_31_riscv64.manylinux_2_39_riscv64.whl", hash = "sha256:11a7ec9f97ab950f4c5af62229befc7faf208fdbc0116d3902d7e306cf2c5abd"},
    {file = "coverage-7.14.3-cp313-cp313-musllinux_1_2_aarch64.whl", hash = "sha256:a571bd889cd36c5922ce8e42e059f9d37d02301531d11374afa4c87a578625d5"},
    {file = "coverage-7.14.3-cp313-cp313-musllinux_1_2_i686.whl", hash = "sha256:de76caefc8deabb0dd1678b6a980be97d14c8d87e213ac194dbf8b09e96d63fb"},
    {file = "coverage-7.14.3-cp313-cp313-musllinux_1_2_ppc64le.whl", hash = "sha256:d20a15c622194234161535459affa8f7905830391c9ccfa060d495dbfe3a1c7f"},
    {file = "coverage-7.14.3-cp313-cp313-musllinux_1_2_riscv64.whl", hash = "sha256:b488bd4b23397db62e7a9459129d01ff06a846582a732efd24834b24a6ada498"},
    {file = "coverage-7.14.3-cp313-cp313-musllinux_1_2_x86_64.whl", hash = "sha256:6a3693b4153394d265f44fb855fdc80e72403024d4d6f91c4871b334d028e4e0"},
    {file = "coverage-7.14.3-cp313-cp313-win32.whl", hash = "sha256:338b19131ab1a6b767b462bfcbaa692e7ae22f24463e39d49b02a83410ff6b37"},
    {file = "coverage-7.14.3-cp313-cp313-win_amd64.whl", hash = "sha256:b3d77f7f196abdef7e01415de1bce09f216189e83e58159cfeef2b92d0464994"},
    {file = "coverage-7.14.3-cp313-cp313-win_arm64.whl", hash = "sha256:e6230e688c7c3e65cedd41a774eb4ec221adc6bfee13768231015b702d5e4150"},
    {file = "coverage-7.14.3-cp314-cp314-macosx_10_15_x86_64.whl", hash = "sha256:605ab2b566a22bd94834529d66d295c364aba84afd3e5498285c7a524017b1fc"},
    {file = "coverage-7.14.3-cp314-cp314-macosx_11_0_arm64.whl", hash = "sha256:a3c2134809e80fac091bfed18a6991b5a5eb5df5ae32b17ac4f4f99864b73dd7"},
    {file = "coverage-7.14.3-cp314-cp314-manylinux1_i686.manylinux_2_28_i686.manylinux_2_5_i686.whl", hash = "sha256:c02efd507227bde9969cab0db8f48890eb3b5dcad6afac57a4792df4133543ce"},
    {file = "coverage-7.14.3-cp314-cp314-manylinux1_x86_64.manylinux_2_28_x86_64.manylinux_2_5_x86_64.whl", hash = "sha256:1bb93c2aa61d2a5b38f1526546d95cf4132cb681e541a337bf8dfd092be816e5"},
    {file = "coverage-7.14.3-cp314-cp314-manylinux2014_aarch64.manylinux_2_17_aarch64.manylinux_2_28_aarch64.whl", hash = "sha256:f502e948e03e866538048bba081c075caaa62e5bda6ea5b7432e45f587eb462a"},
    {file = "coverage-7.14.3-cp314-cp314-manylinux2014_ppc64le.manylinux_2_17_ppc64le.manylinux_2_28_ppc64le.whl", hash = "sha256:9973ef2463f8e6cfb61a6324126bb3e17d67a85f22f58d856e583ea2e3ca6501"},
    {file = "coverage-7.14.3-cp314-cp314-manylinux_2_31_riscv64.manylinux_2_39_riscv64.whl", hash = "sha256:9be4e7d4c5ca0427889f8f9d614bd630c2be741b1de7699bca3b2b6c0e41003e"},
    {file = "coverage-7.14.3-cp314-cp314-musllinux_1_2_aarch64.whl", hash = "sha256:a574912f3bde4b0619f6e97d01aa590b70998859244793769eb3a6df78ee56d3"},
    {file = "coverage-7.14.3-cp314-cp314-musllinux_1_2_i686.whl", hash = "sha256:e343fb086c9cd780b38622fea7c369acd64c1a0724312149b5d769c387a2b1f5"},
    {file = "coverage-7.14.3-cp314-cp314-musllinux_1_2_ppc64le.whl", hash = "sha256:3c68df8e61f1e09633fefc7538297145623957a048534368c9d212782aa5e845"},
    {file = "coverage-7.14.3-cp314-cp314-musllinux_1_2_riscv64.whl", hash = "sha256:3e5b550a128419373c2f6cec28a244207013ef15f5cbcff6a5ca09d1dfaaf027"},
    {file = "coverage-7.14.3-cp314-cp314-musllinux_1_2_x86_64.whl", hash = "sha256:2bfc4dd0a912329eccc7484a7d0b2a38032b38c40663b1e1ac595f10c457954b"},
    {file = "coverage-7.14.3-cp314-cp314-win32.whl", hash = "sha256:0423d64c013057a06e70f070f073cec4b0cbc7d2b27f3c7007292f2ff1d52965"},
    {file = "coverage-7.14.3-cp314-cp314-win_amd64.whl", hash = "sha256:92c22e19ce64ca3f2ad751f16f14df1468b4c231bd6af97185063a9c292a0cb3"},
    {file = "coverage-7.14.3-cp314-cp314-win_arm64.whl", hash = "sha256:41de778bd41780586e2b04912079c73089ab5d839624e28db3bdb26de638da92"},
    {file = "coverage-7.14.3-cp314-cp314t-macosx_10_15_x86_64.whl", hash = "sha256:8427f370ca67db4c975d2a26acfc0e5783ca0b52444dbc50278ace0f35445949"},
    {file = "coverage-7.14.3-cp314-cp314t-macosx_11_0_arm64.whl", hash = "sha256:d8e88f335544a47e22ae2e45b344772925ec65166555c958720d5ed971880891"},
    {file = "coverage-7.14.3-cp314-cp314t-manylinux1_i686.manylinux_2_28_i686.manylinux_2_5_i686.whl", hash = "sha256:beaab199b9e5ceaf5a225e16a9d4df136f2a1eae0a5c20de1e277c8a5225f388"},
    {file = "coverage-7.14.3-cp314-cp314t-manylinux1_x86_64.manylinux_2_28_x86_64.manylinux_2_5_x86_64.whl", hash = "sha256:b3ff255799f5a1676c71c1c32ec01fd043aa09d57b3d95764b24992757184784"},
    {file = "coverage-7.14.3-cp314-cp314t-manylinux2014_aarch64.manylinux_2_17_aarch64.manylinux_2_28_aarch64.whl", hash = "sha256:878832eaac515b62decfa76965aed558775f86bf1fc8cca76993c0c84ae31aed"},
    {file = "coverage-7.14.3-cp314-cp314t-manylinux2014_ppc64le.manylinux_2_17_ppc64le.manylinux_2_28_ppc64le.whl", hash = "sha256:611e62cb9386096d81b63e0a05330750268617231e7bd598e1fe77482a2c58a5"},
    {file = "coverage-7.14.3-cp314-cp314t-manylinux_2_31_riscv64.manylinux_2_39_riscv64.whl", hash = "sha256:02c41de2a88011b893050fc9830267d927a50a215f7ad5ec17349db7090ccf26"},
    {file = "coverage-7.14.3-cp314-cp314t-musllinux_1_2_aarch64.whl", hash = "sha256:526ce9721116af23b1065089f0b75046fe521e7772ab94b641cd66b7a0421889"},
    {file = "coverage-7.14.3-cp314-cp314t-musllinux_1_2_i686.whl", hash = "sha256:e4ed44705ca4bead6fc977a8b741f2145608289b33c8a9b42a95d0f15aedbf4d"},
    {file = "coverage-7.14.3-cp314-cp314t-musllinux_1_2_ppc64le.whl", hash = "sha256:2415902f385a23dcc4ccd26e0ba803249a169af6a930c003a4c715eeb9a5444e"},
    {file = "coverage-7.14.3-cp314-cp314t-musllinux_1_2_riscv64.whl", hash = "sha256:b75ee850fc2d7c831e883220c445b035f2224de2ba6103f1e56dbd237ab913f7"},
    {file = "coverage-7.14.3-cp314-cp314t-musllinux_1_2_x86_64.whl", hash = "sha256:dc9b4e35e7c3920e925ba7f14886fd5fbe481232754624e832ddba66c7535635"},
    {file = "coverage-7.14.3-cp314-cp314t-win32.whl", hash = "sha256:7b27c822a8161afbe48e99f1adfb098d270ae7e0f7d7b0555ce110529bdb69cc"},
    {file = "coverage-7.14.3-cp314-cp314t-win_amd64.whl", hash = "sha256:39e1dbbb6ff2c338e0196a482558a792a1de3aa64261196f5cdb3da016ad9cda"},
    {file = "coverage-7.14.3-cp314-cp314t-win_arm64.whl", hash = "sha256:68520c90babfa2d560eca6d497921ed3a4f469623bd709733124491b2aa8ef3f"},
    {file = "coverage-7.14.3-py3-none-any.whl", hash = "sha256:fb7e18afb6e903c1a92401a2f0501ac277dca527bb9ca6fe1f691a8a0026a0e8"},
    {file = "coverage-7.14.3.tar.gz", hash = "sha256:1a7563a443f3d53fdeb040ec8c9f7466aed7ca3dc5891aa09d3ca3625fa4387f"},
]

[package.extras]
toml = ["tomli ; python_full_version <= \"3.11.0a6\""]

[[package]]
name = "exceptiongroup"
version = "1.1.1"
description = "Backport of PEP 654 (exception groups)"
optional = false
python-versions = ">=3.7"
groups = ["main", "dev"]
markers = "python_version == \"3.10\""
files = [
    {file = "exceptiongroup-1.1.1-py3-none-any.whl", hash = "sha256:232c37c63e4f682982c8b6459f33a8981039e5fb8756b2074364e5055c498c9e"},
    {file = "exceptiongroup-1.1.1.tar.gz", hash = "sha256:d484c3090ba2889ae2928419117447a14daf3c1231d5e30d0aae34f354f01785"},
]

[package.extras]
test = ["pytest (>=6)"]

[[package]]
name = "idna"
version = "3.15"
description = "Internationalized Domain Names in Applications (IDNA)"
optional = false
python-versions = ">=3.8"
groups = ["main"]
files = [
    {file = "idna-3.15-py3-none-any.whl", hash = "sha256:048adeaf8c2d788c40fee287673ccaa74c24ffd8dcf09ffa555a2fbb59f10ac8"},
    {file = "idna-3.15.tar.gz", hash = "sha256:ca962446ea538f7092a95e057da437618e886f4d349216d2b1e294abfdb65fdc"},
]

[package.extras]
all = ["mypy (>=1.11.2)", "pytest (>=8.3.2)", "ruff (>=0.6.2)"]

[[package]]
name = "iniconfig"
version = "2.0.0"
description = "brain-dead simple config-ini parsing"
optional = false
python-versions = ">=3.7"
groups = ["dev"]
files = [
    {file = "iniconfig-2.0.0-py3-none-any.whl", hash = "sha256:b6a85871a79d2e3b22d2d1b94ac2824226a63c6b741c88f7ae975f18b6778374"},
    {file = "iniconfig-2.0.0.tar.gz", hash = "sha256:2d91e135bf72d31a410b17c16da610a82cb55f6b0477d1a902134b24a455b8b3"},
]

[[package]]
name = "iso8601"
version = "2.1.0"
description = "Simple module to parse ISO 8601 dates"
optional = false
python-versions = ">=3.7,<4.0"
groups = ["main"]
files = [
    {file = "iso8601-2.1.0-py3-none-any.whl", hash = "sha256:aac4145c4dcb66ad8b648a02830f5e2ff6c24af20f4f482689be402db2429242"},
    {file = "iso8601-2.1.0.tar.gz", hash = "sha256:6b1d3829ee8921c4301998c909f7829fa9ed3cbdac0d3b16af2d743aed1ba8df"},
]

[[package]]
name = "packaging"
version = "23.1"
description = "Core utilities for Python packages"
optional = false
python-versions = ">=3.7"
groups = ["dev"]
files = [
    {file = "packaging-23.1-py3-none-any.whl", hash = "sha256:994793af429502c4ea2ebf6bf664629d07c1a9fe974af92966e4b8d2df7edc61"},
    {file = "packaging-23.1.tar.gz", hash = "sha256:a392980d2b6cffa644431898be54b0045151319d1e7ec34f0cfed48767dd334f"},
]

[[package]]
name = "pluggy"
version = "1.5.0"
description = "plugin and hook calling mechanisms for python"
optional = false
python-versions = ">=3.8"
groups = ["dev"]
files = [
    {file = "pluggy-1.5.0-py3-none-any.whl", hash = "sha256:44e1ad92c8ca002de6377e165f3e0f1be63266ab4d554740532335b9d75ea669"},
    {file = "pluggy-1.5.0.tar.gz", hash = "sha256:2cffa88e94fdc978c4c574f15f9e59b7f4201d439195c3715ca9e2486f1d0cf1"},
]

[package.extras]
dev = ["pre-commit", "tox"]
testing = ["pytest", "pytest-benchmark"]

[[package]]
name = "pygments"
version = "2.20.0"
description = "Pygments is a syntax highlighting package written in Python."
optional = false
python-versions = ">=3.9"
groups = ["dev"]
files = [
    {file = "pygments-2.20.0-py3-none-any.whl", hash = "sha256:81a9e26dd42fd28a23a2d169d86d7ac03b46e2f8b59ed4698fb4785f946d0176"},
    {file = "pygments-2.20.0.tar.gz", hash = "sha256:6757cd03768053ff99f3039c1a36d6c0aa0b263438fcab17520b30a303a82b5f"},
]

[package.extras]
windows-terminal = ["colorama (>=0.4.6)"]

[[package]]
name = "pypika-tortoise"
version = "0.6.5"
description = "Forked from pypika and streamline just for tortoise-orm"
optional = false
python-versions = ">=3.9"
groups = ["main"]
files = [
    {file = "pypika_tortoise-0.6.5-py3-none-any.whl", hash = "sha256:9194ac6ce6ac9bdfc6e959c831c5788ef05ee1371e82ba281b0eb75f4a2bd4f1"},
    {file = "pypika_tortoise-0.6.5.tar.gz", hash = "sha256:64d96c9b88450f6360ad22a7063933b6a90961a7317f04b2b63c98fd5d705506"},
]

[[package]]
name = "pytest"
version = "9.1.0"
description = "pytest: simple powerful testing with Python"
optional = false
python-versions = ">=3.10"
groups = ["dev"]
files = [
    {file = "pytest-9.1.0-py3-none-any.whl", hash = "sha256:8ebb0e7888bdf2bdfc602ec51f8f62d50200af37356c74e503c79a94f5c81f32"},
    {file = "pytest-9.1.0.tar.gz", hash = "sha256:41dd9148c08072446394cefd3d79701701335a9f4cae69ba92e39f6c7f5c061c"},
]

[package.dependencies]
colorama = {version = ">=0.4", markers = "sys_platform == \"win32\""}
exceptiongroup = {version = ">=1", markers = "python_version < \"3.11\""}
iniconfig = ">=1.0.1"
packaging = ">=22"
pluggy = ">=1.5,<2"
pygments = ">=2.7.2"
tomli = {version = ">=1", markers = "python_version < \"3.11\""}

[package.extras]
dev = ["argcomplete", "attrs (>=19.2)", "hypothesis (>=3.56)", "mock", "requests", "setuptools", "xmlschema"]

[[package]]
name = "tomli"
version = "2.0.1"
description = "A lil' TOML parser"
optional = false
python-versions = ">=3.7"
groups = ["dev"]
markers = "python_version == \"3.10\""
files = [
    {file = "tomli-2.0.1-py3-none-any.whl", hash = "sha256:939de3e7a6161af0c887ef91b7d41a53e7c5a1ca976325f429cb46ea9bc30ecc"},
    {file = "tomli-2.0.1.tar.gz", hash = "sha256:de526c12914f0c550d15924c62d72abc48d6fe7364aa87328337a31007fe8a4f"},
]

[[package]]
name = "tomlkit"
version = "0.14.0"
description = "Style preserving TOML library"
optional = false
python-versions = ">=3.9"
groups = ["main"]
markers = "python_version == \"3.10\""
files = [
    {file = "tomlkit-0.14.0-py3-none-any.whl", hash = "sha256:592064ed85b40fa213469f81ac584f67a4f2992509a7c3ea2d632208623a3680"},
    {file = "tomlkit-0.14.0.tar.gz", hash = "sha256:cf00efca415dbd57575befb1f6634c4f42d2d87dbba376128adb42c121b87064"},
]

[[package]]
name = "tortoise-orm"
version = "1.1.7"
description = "Easy async ORM for python, built with relations in mind"
optional = false
python-versions = ">=3.10"
groups = ["main"]
files = [
    {file = "tortoise_orm-1.1.7-py3-none-any.whl", hash = "sha256:b640b786905891cc120aa16d1a7af18cd54b111a812f9b1c1d1c7b294d62949d"},
    {file = "tortoise_orm-1.1.7.tar.gz", hash = "sha256:a0f0f27f9c92547739f0a3f0862c257ab64d8baadbc0e548cbcfa2d70bcbe275"},
]

[package.dependencies]
aiosqlite = ">=0.16.0,<1.0.0"
anyio = "*"
iso8601 = {version = ">=2.1.0,<3.0.0", markers = "python_version < \"4.0\""}
pypika-tortoise = ">=0.6.5,<1.0.0"
tomlkit = {version = ">=0.11.4,<1.0.0", markers = "python_version < \"3.11\""}
typing-extensions = {version = ">=4.1.0", markers = "python_version < \"3.11\""}

[package.extras]
accel = ["ciso8601 ; sys_platform != \"win32\" and implementation_name == \"cpython\"", "orjson", "uvloop ; sys_platform != \"win32\" and implementation_name == \"cpython\""]
aiomysql = ["aiomysql"]
asyncmy = ["asyncmy (>=0.2.11,<1.0.0)"]
asyncodbc = ["asyncodbc (>=0.1.1,<1.0.0) ; python_version < \"4.0\""]
asyncpg = ["asyncpg"]
ipython = ["ipython", "nest-asyncio (>=1.6.0)"]
psycopg = ["psycopg[binary,pool] (>=3.0.12,<4.0.0)"]
ptpython = ["ptpython (>=3.0.0)"]

[[package]]
name = "typing-extensions"
version = "4.6.3"
description = "Backported and Experimental Type Hints for Python 3.7+"
optional = false
python-versions = ">=3.7"
groups = ["main"]
files = [
    {file = "typing_extensions-4.6.3-py3-none-any.whl", hash = "sha256:88a4153d8505aabbb4e13aacb7c486c2b4a33ca3b3f807914a9b4c844c471c26"},
    {file = "typing_extensions-4.6.3.tar.gz", hash = "sha256:d91d5919357fe7f681a9f2b5b4cb2a5f1ef0a1e9f59c4d8ff0d3491e05c0ffd5"},
]

[[package]]
name = "versionbump"
version = "1.1.1"
description = "Generate version strings based on semantic versioning rules."
optional = false
python-versions = "*"
groups = ["dev"]
files = [
    {file = "versionbump-1.1.1.tar.gz", hash = "sha256:128611ec7dfe3bb09427d7a7a4cbb465cc870240b16d4a35daf2b7f2ddd6a6ef"},
]

[metadata]
lock-version = "2.1"
python-versions = "^3.10"
content-hash = "e265b846576b9b4266f3c1a091211bfb1b91561a31f011160a1b10e3eff4e932"
